
Microsoft Visual Studio Solution File, Format Version 12.00
# Visual Studio Version 17
VisualStudioVersion = 17.8.34330.188
MinimumVisualStudioVersion = 10.0.40219.1
Project("{FAE04EC0-301F-11D3-BF4B-00C04F79EFBC}") = "Algorytm", "Algorytm\Algorytm.csproj", "{95541857-0FDC-4FE1-A14F-5190CEDDAB92}"
EndProject
Global
	GlobalSection(SolutionConfigurationPlatforms) = preSolution
		Debug|Any CPU = Debug|Any CPU
		Release|Any CPU = Release|Any CPU
	EndGlobalSection
	GlobalSection(ProjectConfigurationPlatforms) = postSolution
		{95541857-0FDC-4FE1-A14F-5190CEDDAB92}.Debug|Any CPU.ActiveCfg = Debug|Any CPU
		{95541857-0FDC-4FE1-A14F-5190CEDDAB92}.Debug|Any CPU.Build.0 = Debug|Any CPU
		{95541857-0FDC-4FE1-A14F-5190CEDDAB92}.Release|Any CPU.ActiveCfg = Release|Any CPU
		{95541857-0FDC-4FE1-A14F-5190CEDDAB92}.Release|Any CPU.Build.0 = Release|Any CPU
	EndGlobalSection
	GlobalSection(SolutionProperties) = preSolution
		HideSolutionNode = FALSE
	EndGlobalSection
	GlobalSection(ExtensibilityGlobals) = postSolution
		SolutionGuid = {BC54D430-055C-4510-9250-D872CB141A8C}
	EndGlobalSection
EndGlobal
